// !$*UTF8*$!
{
	archiveVersion = 1;
	classes = {
	};
	objectVersion = 56;
	objects = {

/* Begin PBXBuildFile section */
		4743428529D32F1E006DC571 /* TesteFoundationsApp.swift in Sources */ = {isa = PBXBuildFile; fileRef = 4743428429D32F1E006DC571 /* TesteFoundationsApp.swift */; };
		4743428729D32F1E006DC571 /* ContentView.swift in Sources */ = {isa = PBXBuildFile; fileRef = 4743428629D32F1E006DC571 /* ContentView.swift */; };
		4743428929D32F21006DC571 /* Assets.xcassets in Resources */ = {isa = PBXBuildFile; fileRef = 4743428829D32F21006DC571 /* Assets.xcassets */; };
		4743428D29D32F21006DC571 /* Preview Assets.xcassets in Resources */ = {isa = PBXBuildFile; fileRef = 4743428C29D32F21006DC571 /* Preview Assets.xcassets */; };
		4743429729D32F21006DC571 /* TesteFoundationsTests.swift in Sources */ = {isa = PBXBuildFile; fileRef = 4743429629D32F21006DC571 /* TesteFoundationsTests.swift */; };
		474342A129D32F21006DC571 /* TesteFoundationsUITests.swift in Sources */ = {isa = PBXBuildFile; fileRef = 474342A029D32F21006DC571 /* TesteFoundationsUITests.swift */; };
		474342A329D32F21006DC571 /* TesteFoundationsUITestsLaunchTests.swift in Sources */ = {isa = PBXBuildFile; fileRef = 474342A229D32F21006DC571 /* TesteFoundationsUITestsLaunchTests.swift */; };
/* End PBXBuildFile section */

/* Begin PBXContainerItemProxy section */
		4743429329D32F21006DC571 /* PBXContainerItemProxy */ = {
			isa = PBXContainerItemProxy;
			containerPortal = 4743427929D32F1E006DC571 /* Project object */;
			proxyType = 1;
			remoteGlobalIDString = 4743428029D32F1E006DC571;
			remoteInfo = TesteFoundations;
		};
		4743429D29D32F21006DC571 /* PBXContainerItemProxy */ = {
			isa = PBXContainerItemProxy;
			containerPortal = 4743427929D32F1E006DC571 /* Project object */;
			proxyType = 1;
			remoteGlobalIDString = 4743428029D32F1E006DC571;
			remoteInfo = TesteFoundations;
		};
/* End PBXContainerItemProxy section */

/* Begin PBXFileReference section */
		4743428129D32F1E006DC571 /* TesteFoundations.app */ = {isa = PBXFileReference; explicitFileType = wrapper.application; includeInIndex = 0; path = TesteFoundations.app; sourceTree = BUILT_PRODUCTS_DIR; };
		4743428429D32F1E006DC571 /* TesteFoundationsApp.swift */ = {isa = PBXFileReference; lastKnownFileType = sourcecode.swift; path = TesteFoundationsApp.swift; sourceTree = "<group>"; };
		4743428629D32F1E006DC571 /* ContentView.swift */ = {isa = PBXFileReference; lastKnownFileType = sourcecode.swift; path = ContentView.swift; sourceTree = "<group>"; };
		4743428829D32F21006DC571 /* Assets.xcassets */ = {isa = PBXFileReference; lastKnownFileType = folder.assetcatalog; path = Assets.xcassets; sourceTree = "<group>"; };
		4743428A29D32F21006DC571 /* TesteFoundations.entitlements */ = {isa = PBXFileReference; lastKnownFileType = text.plist.entitlements; path = TesteFoundations.entitlements; sourceTree = "<group>"; };
		4743428C29D32F21006DC571 /* Preview Assets.xcassets */ = {isa = PBXFileReference; lastKnownFileType = folder.assetcatalog; path = "Preview Assets.xcassets"; sourceTree = "<group>"; };
		4743429229D32F21006DC571 /* TesteFoundationsTests.xctest */ = {isa = PBXFileReference; explicitFileType = wrapper.cfbundle; includeInIndex = 0; path = TesteFoundationsTests.xctest; sourceTree = BUILT_PRODUCTS_DIR; };
		4743429629D32F21006DC571 /* TesteFoundationsTests.swift */ = {isa = PBXFileReference; lastKnownFileType = sourcecode.swift; path = TesteFoundationsTests.swift; sourceTree = "<group>"; };
		4743429C29D32F21006DC571 /* TesteFoundationsUITests.xctest */ = {isa = PBXFileReference; explicitFileType = wrapper.cfbundle; includeInIndex = 0; path = TesteFoundationsUITests.xctest; sourceTree = BUILT_PRODUCTS_DIR; };
		474342A029D32F21006DC571 /* TesteFoundationsUITests.swift */ = {isa = PBXFileReference; lastKnownFileType = sourcecode.swift; path = TesteFoundationsUITests.swift; sourceTree = "<group>"; };
		474342A229D32F21006DC571 /* TesteFoundationsUITestsLaunchTests.swift */ = {isa = PBXFileReference; lastKnownFileType = sourcecode.swift; path = TesteFoundationsUITestsLaunchTests.swift; sourceTree = "<group>"; };
/* End PBXFileReference section */

/* Begin PBXFrameworksBuildPhase section */
		4743427E29D32F1E006DC571 /* Frameworks */ = {
			isa = PBXFrameworksBuildPhase;
			buildActionMask = 2147483647;
			files = (
			);
			runOnlyForDeploymentPostprocessing = 0;
		};
		4743428F29D32F21006DC571 /* Frameworks */ = {
			isa = PBXFrameworksBuildPhase;
			buildActionMask = 2147483647;
			files = (
			);
			runOnlyForDeploymentPostprocessing = 0;
		};
		4743429929D32F21006DC571 /* Frameworks */ = {
			isa = PBXFrameworksBuildPhase;
			buildActionMask = 2147483647;
			files = (
			);
			runOnlyForDeploymentPostprocessing = 0;
		};
/* End PBXFrameworksBuildPhase section */

/* Begin PBXGroup section */
		4743427829D32F1E006DC571 = {
			isa = PBXGroup;
			children = (
				4743428329D32F1E006DC571 /* TesteFoundations */,
				4743429529D32F21006DC571 /* TesteFoundationsTests */,
				4743429F29D32F21006DC571 /* TesteFoundationsUITests */,
				4743428229D32F1E006DC571 /* Products */,
			);
			sourceTree = "<group>";
		};
		4743428229D32F1E006DC571 /* Products */ = {
			isa = PBXGroup;
			children = (
				4743428129D32F1E006DC571 /* TesteFoundations.app */,
				4743429229D32F21006DC571 /* TesteFoundationsTests.xctest */,
				4743429C29D32F21006DC571 /* TesteFoundationsUITests.xctest */,
			);
			name = Products;
			sourceTree = "<group>";
		};
		4743428329D32F1E006DC571 /* TesteFoundations */ = {
			isa = PBXGroup;
			children = (
				4743428429D32F1E006DC571 /* TesteFoundationsApp.swift */,
				4743428629D32F1E006DC571 /* ContentView.swift */,
				4743428829D32F21006DC571 /* Assets.xcassets */,
				4743428A29D32F21006DC571 /* TesteFoundations.entitlements */,
				4743428B29D32F21006DC571 /* Preview Content */,
			);
			path = TesteFoundations;
			sourceTree = "<group>";
		};
		4743428B29D32F21006DC571 /* Preview Content */ = {
			isa = PBXGroup;
			children = (
				4743428C29D32F21006DC571 /* Preview Assets.xcassets */,
			);
			path = "Preview Content";
			sourceTree = "<group>";
		};
		4743429529D32F21006DC571 /* TesteFoundationsTests */ = {
			isa = PBXGroup;
			children = (
				4743429629D32F21006DC571 /* TesteFoundationsTests.swift */,
			);
			path = TesteFoundationsTests;
			sourceTree = "<group>";
		};
		4743429F29D32F21006DC571 /* TesteFoundationsUITests */ = {
			isa = PBXGroup;
			children = (
				474342A029D32F21006DC571 /* TesteFoundationsUITests.swift */,
				474342A229D32F21006DC571 /* TesteFoundationsUITestsLaunchTests.swift */,
			);
			path = TesteFoundationsUITests;
			sourceTree = "<group>";
		};
/* End PBXGroup section */

/* Begin PBXNativeTarget section */
		4743428029D32F1E006DC571 /* TesteFoundations */ = {
			isa = PBXNativeTarget;
			buildConfigurationList = 474342A629D32F21006DC571 /* Build configuration list for PBXNativeTarget "TesteFoundations" */;
			buildPhases = (
				4743427D29D32F1E006DC571 /* Sources */,
				4743427E29D32F1E006DC571 /* Frameworks */,
				4743427F29D32F1E006DC571 /* Resources */,
			);
			buildRules = (
			);
			dependencies = (
			);
			name = TesteFoundations;
			productName = TesteFoundations;
			productReference = 4743428129D32F1E006DC571 /* TesteFoundations.app */;
			productType = "com.apple.product-type.application";
		};
		4743429129D32F21006DC571 /* TesteFoundationsTests */ = {
			isa = PBXNativeTarget;
			buildConfigurationList = 474342A929D32F21006DC571 /* Build configuration list for PBXNativeTarget "TesteFoundationsTests" */;
			buildPhases = (
				4743428E29D32F21006DC571 /* Sources */,
				4743428F29D32F21006DC571 /* Frameworks */,
				4743429029D32F21006DC571 /* Resources */,
			);
			buildRules = (
			);
			dependencies = (
				4743429429D32F21006DC571 /* PBXTargetDependency */,
			);
			name = TesteFoundationsTests;
			productName = TesteFoundationsTests;
			productReference = 4743429229D32F21006DC571 /* TesteFoundationsTests.xctest */;
			productType = "com.apple.product-type.bundle.unit-test";
		};
		4743429B29D32F21006DC571 /* TesteFoundationsUITests */ = {
			isa = PBXNativeTarget;
			buildConfigurationList = 474342AC29D32F21006DC571 /* Build configuration list for PBXNativeTarget "TesteFoundationsUITests" */;
			buildPhases = (
				4743429829D32F21006DC571 /* Sources */,
				4743429929D32F21006DC571 /* Frameworks */,
				4743429A29D32F21006DC571 /* Resources */,
			);
			buildRules = (
			);
			dependencies = (
				4743429E29D32F21006DC571 /* PBXTargetDependency */,
			);
			name = TesteFoundationsUITests;
			productName = TesteFoundationsUITests;
			productReference = 4743429C29D32F21006DC571 /* TesteFoundationsUITests.xctest */;
			productType = "com.apple.product-type.bundle.ui-testing";
		};
/* End PBXNativeTarget section */

/* Begin PBXProject section */
		4743427929D32F1E006DC571 /* Project object */ = {
			isa = PBXProject;
			attributes = {
				BuildIndependentTargetsInParallel = 1;
				LastSwiftUpdateCheck = 1420;
				LastUpgradeCheck = 1420;
				TargetAttributes = {
					4743428029D32F1E006DC571 = {
						CreatedOnToolsVersion = 14.2;
					};
					4743429129D32F21006DC571 = {
						CreatedOnToolsVersion = 14.2;
						TestTargetID = 4743428029D32F1E006DC571;
					};
					4743429B29D32F21006DC571 = {
						CreatedOnToolsVersion = 14.2;
						TestTargetID = 4743428029D32F1E006DC571;
					};
				};
			};
			buildConfigurationList = 4743427C29D32F1E006DC571 /* Build configuration list for PBXProject "TesteFoundations" */;
			compatibilityVersion = "Xcode 14.0";
			developmentRegion = en;
			hasScannedForEncodings = 0;
			knownRegions = (
				en,
				Base,
			);
			mainGroup = 4743427829D32F1E006DC571;
			productRefGroup = 4743428229D32F1E006DC571 /* Products */;
			projectDirPath = "";
			projectRoot = "";
			targets = (
				4743428029D32F1E006DC571 /* TesteFoundations */,
				4743429129D32F21006DC571 /* TesteFoundationsTests */,
				4743429B29D32F21006DC571 /* TesteFoundationsUITests */,
			);
		};
/* End PBXProject section */

/* Begin PBXResourcesBuildPhase section */
		4743427F29D32F1E006DC571 /* Resources */ = {
			isa = PBXResourcesBuildPhase;
			buildActionMask = 2147483647;
			files = (
				4743428D29D32F21006DC571 /* Preview Assets.xcassets in Resources */,
				4743428929D32F21006DC571 /* Assets.xcassets in Resources */,
			);
			runOnlyForDeploymentPostprocessing = 0;
		};
		4743429029D32F21006DC571 /* Resources */ = {
			isa = PBXResourcesBuildPhase;
			buildActionMask = 2147483647;
			files = (
			);
			runOnlyForDeploymentPostprocessing = 0;
		};
		4743429A29D32F21006DC571 /* Resources */ = {
			isa = PBXResourcesBuildPhase;
			buildActionMask = 2147483647;
			files = (
			);
			runOnlyForDeploymentPostprocessing = 0;
		};
/* End PBXResourcesBuildPhase section */

/* Begin PBXSourcesBuildPhase section */
		4743427D29D32F1E006DC571 /* Sources */ = {
			isa = PBXSourcesBuildPhase;
			buildActionMask = 2147483647;
			files = (
				4743428729D32F1E006DC571 /* ContentView.swift in Sources */,
				4743428529D32F1E006DC571 /* TesteFoundationsApp.swift in Sources */,
			);
			runOnlyForDeploymentPostprocessing = 0;
		};
		4743428E29D32F21006DC571 /* Sources */ = {
			isa = PBXSourcesBuildPhase;
			buildActionMask = 2147483647;
			files = (
				4743429729D32F21006DC571 /* TesteFoundationsTests.swift in Sources */,
			);
			runOnlyForDeploymentPostprocessing = 0;
		};
		4743429829D32F21006DC571 /* Sources */ = {
			isa = PBXSourcesBuildPhase;
			buildActionMask = 2147483647;
			files = (
				474342A129D32F21006DC571 /* TesteFoundationsUITests.swift in Sources */,
				474342A329D32F21006DC571 /* TesteFoundationsUITestsLaunchTests.swift in Sources */,
			);
			runOnlyForDeploymentPostprocessing = 0;
		};
/* End PBXSourcesBuildPhase section */

/* Begin PBXTargetDependency section */
		4743429429D32F21006DC571 /* PBXTargetDependency */ = {
			isa = PBXTargetDependency;
			target = 4743428029D32F1E006DC571 /* TesteFoundations */;
			targetProxy = 4743429329D32F21006DC571 /* PBXContainerItemProxy */;
		};
		4743429E29D32F21006DC571 /* PBXTargetDependency */ = {
			isa = PBXTargetDependency;
			target = 4743428029D32F1E006DC571 /* TesteFoundations */;
			targetProxy = 4743429D29D32F21006DC571 /* PBXContainerItemProxy */;
		};
/* End PBXTargetDependency section */

/* Begin XCBuildConfiguration section */
		474342A429D32F21006DC571 /* Debug */ = {
			isa = XCBuildConfiguration;
			buildSettings = {
				ALWAYS_SEARCH_USER_PATHS = NO;
				CLANG_ANALYZER_NONNULL = YES;
				CLANG_ANALYZER_NUMBER_OBJECT_CONVERSION = YES_AGGRESSIVE;
				CLANG_CXX_LANGUAGE_STANDARD = "gnu++20";
				CLANG_ENABLE_MODULES = YES;
				CLANG_ENABLE_OBJC_ARC = YES;
				CLANG_ENABLE_OBJC_WEAK = YES;
				CLANG_WARN_BLOCK_CAPTURE_AUTORELEASING = YES;
				CLANG_WARN_BOOL_CONVERSION = YES;
				CLANG_WARN_COMMA = YES;
				CLANG_WARN_CONSTANT_CONVERSION = YES;
				CLANG_WARN_DEPRECATED_OBJC_IMPLEMENTATIONS = YES;
				CLANG_WARN_DIRECT_OBJC_ISA_USAGE = YES_ERROR;
				CLANG_WARN_DOCUMENTATION_COMMENTS = YES;
				CLANG_WARN_EMPTY_BODY = YES;
				CLANG_WARN_ENUM_CONVERSION = YES;
				CLANG_WARN_INFINITE_RECURSION = YES;
				CLANG_WARN_INT_CONVERSION = YES;
				CLANG_WARN_NON_LITERAL_NULL_CONVERSION = YES;
				CLANG_WARN_OBJC_IMPLICIT_RETAIN_SELF = YES;
				CLANG_WARN_OBJC_LITERAL_CONVERSION = YES;
				CLANG_WARN_OBJC_ROOT_CLASS = YES_ERROR;
				CLANG_WARN_QUOTED_INCLUDE_IN_FRAMEWORK_HEADER = YES;
				CLANG_WARN_RANGE_LOOP_ANALYSIS = YES;
				CLANG_WARN_STRICT_PROTOTYPES = YES;
				CLANG_WARN_SUSPICIOUS_MOVE = YES;
				CLANG_WARN_UNGUARDED_AVAILABILITY = YES_AGGRESSIVE;
				CLANG_WARN_UNREACHABLE_CODE = YES;
				CLANG_WARN__DUPLICATE_METHOD_MATCH = YES;
				COPY_PHASE_STRIP = NO;
				DEBUG_INFORMATION_FORMAT = dwarf;
				ENABLE_STRICT_OBJC_MSGSEND = YES;
				ENABLE_TESTABILITY = YES;
				GCC_C_LANGUAGE_STANDARD = gnu11;
				GCC_DYNAMIC_NO_PIC = NO;
				GCC_NO_COMMON_BLOCKS = YES;
				GCC_OPTIMIZATION_LEVEL = 0;
				GCC_PREPROCESSOR_DEFINITIONS = (
					"DEBUG=1",
					"$(inherited)",
				);
				GCC_WARN_64_TO_32_BIT_CONVERSION = YES;
				GCC_WARN_ABOUT_RETURN_TYPE = YES_ERROR;
				GCC_WARN_UNDECLARED_SELECTOR = YES;
				GCC_WARN_UNINITIALIZED_AUTOS = YES_AGGRESSIVE;
				GCC_WARN_UNUSED_FUNCTION = YES;
				GCC_WARN_UNUSED_VARIABLE = YES;
				MTL_ENABLE_DEBUG_INFO = INCLUDE_SOURCE;
				MTL_FAST_MATH = YES;
				ONLY_ACTIVE_ARCH = YES;
				SWIFT_ACTIVE_COMPILATION_CONDITIONS = DEBUG;
				SWIFT_OPTIMIZATION_LEVEL = "-Onone";
			};
			name = Debug;
		};
		474342A529D32F21006DC571 /* Release */ = {
			isa = XCBuildConfiguration;
			buildSettings = {
				ALWAYS_SEARCH_USER_PATHS = NO;
				CLANG_ANALYZER_NONNULL = YES;
				CLANG_ANALYZER_NUMBER_OBJECT_CONVERSION = YES_AGGRESSIVE;
				CLANG_CXX_LANGUAGE_STANDARD = "gnu++20";
				CLANG_ENABLE_MODULES = YES;
				CLANG_ENABLE_OBJC_ARC = YES;
				CLANG_ENABLE_OBJC_WEAK = YES;
				CLANG_WARN_BLOCK_CAPTURE_AUTORELEASING = YES;
				CLANG_WARN_BOOL_CONVERSION = YES;
				CLANG_WARN_COMMA = YES;
				CLANG_WARN_CONSTANT_CONVERSION = YES;
				CLANG_WARN_DEPRECATED_OBJC_IMPLEMENTATIONS = YES;
				CLANG_WARN_DIRECT_OBJC_ISA_USAGE = YES_ERROR;
				CLANG_WARN_DOCUMENTATION_COMMENTS = YES;
				CLANG_WARN_EMPTY_BODY = YES;
				CLANG_WARN_ENUM_CONVERSION = YES;
				CLANG_WARN_INFINITE_RECURSION = YES;
				CLANG_WARN_INT_CONVERSION = YES;
				CLANG_WARN_NON_LITERAL_NULL_CONVERSION = YES;
				CLANG_WARN_OBJC_IMPLICIT_RETAIN_SELF = YES;
				CLANG_WARN_OBJC_LITERAL_CONVERSION = YES;
				CLANG_WARN_OBJC_ROOT_CLASS = YES_ERROR;
				CLANG_WARN_QUOTED_INCLUDE_IN_FRAMEWORK_HEADER = YES;
				CLANG_WARN_RANGE_LOOP_ANALYSIS = YES;
				CLANG_WARN_STRICT_PROTOTYPES = YES;
				CLANG_WARN_SUSPICIOUS_MOVE = YES;
				CLANG_WARN_UNGUARDED_AVAILABILITY = YES_AGGRESSIVE;
				CLANG_WARN_UNREACHABLE_CODE = YES;
				CLANG_WARN__DUPLICATE_METHOD_MATCH = YES;
				COPY_PHASE_STRIP = NO;
				DEBUG_INFORMATION_FORMAT = "dwarf-with-dsym";
				ENABLE_NS_ASSERTIONS = NO;
				ENABLE_STRICT_OBJC_MSGSEND = YES;
				GCC_C_LANGUAGE_STANDARD = gnu11;
				GCC_NO_COMMON_BLOCKS = YES;
				GCC_WARN_64_TO_32_BIT_CONVERSION = YES;
				GCC_WARN_ABOUT_RETURN_TYPE = YES_ERROR;
				GCC_WARN_UNDECLARED_SELECTOR = YES;
				GCC_WARN_UNINITIALIZED_AUTOS = YES_AGGRESSIVE;
				GCC_WARN_UNUSED_FUNCTION = YES;
				GCC_WARN_UNUSED_VARIABLE = YES;
				MTL_ENABLE_DEBUG_INFO = NO;
				MTL_FAST_MATH = YES;
				SWIFT_COMPILATION_MODE = wholemodule;
				SWIFT_OPTIMIZATION_LEVEL = "-O";
			};
			name = Release;
		};
		474342A729D32F21006DC571 /* Debug */ = {
			isa = XCBuildConfiguration;
			buildSettings = {
				ASSETCATALOG_COMPILER_APPICON_NAME = AppIcon;
				ASSETCATALOG_COMPILER_GLOBAL_ACCENT_COLOR_NAME = AccentColor;
				CODE_SIGN_ENTITLEMENTS = TesteFoundations/TesteFoundations.entitlements;
				CODE_SIGN_STYLE = Automatic;
				CURRENT_PROJECT_VERSION = 1;
				DEVELOPMENT_ASSET_PATHS = "\"TesteFoundations/Preview Content\"";
				ENABLE_PREVIEWS = YES;
				GENERATE_INFOPLIST_FILE = YES;
				"INFOPLIST_KEY_UIApplicationSceneManifest_Generation[sdk=iphoneos*]" = YES;
				"INFOPLIST_KEY_UIApplicationSceneManifest_Generation[sdk=iphonesimulator*]" = YES;
				"INFOPLIST_KEY_UIApplicationSupportsIndirectInputEvents[sdk=iphoneos*]" = YES;
				"INFOPLIST_KEY_UIApplicationSupportsIndirectInputEvents[sdk=iphonesimulator*]" = YES;
				"INFOPLIST_KEY_UILaunchScreen_Generation[sdk=iphoneos*]" = YES;
				"INFOPLIST_KEY_UILaunchScreen_Generation[sdk=iphonesimulator*]" = YES;
				"INFOPLIST_KEY_UIStatusBarStyle[sdk=iphoneos*]" = UIStatusBarStyleDefault;
				"INFOPLIST_KEY_UIStatusBarStyle[sdk=iphonesimulator*]" = UIStatusBarStyleDefault;
				INFOPLIST_KEY_UISupportedInterfaceOrientations_iPad = "UIInterfaceOrientationPortrait UIInterfaceOrientationPortraitUpsideDown UIInterfaceOrientationLandscapeLeft UIInterfaceOrientationLandscapeRight";
				INFOPLIST_KEY_UISupportedInterfaceOrientations_iPhone = "UIInterfaceOrientationPortrait UIInterfaceOrientationLandscapeLeft UIInterfaceOrientationLandscapeRight";
				IPHONEOS_DEPLOYMENT_TARGET = 16.2;
				LD_RUNPATH_SEARCH_PATHS = "@executable_path/Frameworks";
				"LD_RUNPATH_SEARCH_PATHS[sdk=macosx*]" = "@executable_path/../Frameworks";
				MACOSX_DEPLOYMENT_TARGET = 13.1;
				MARKETING_VERSION = 1.0;
				PRODUCT_BUNDLE_IDENTIFIER = Foundations.TesteFoundations;
				PRODUCT_NAME = "$(TARGET_NAME)";
				SDKROOT = auto;
				SUPPORTED_PLATFORMS = "iphoneos iphonesimulator macosx";
				SWIFT_EMIT_LOC_STRINGS = YES;
				SWIFT_VERSION = 5.0;
				TARGETED_DEVICE_FAMILY = "1,2";
			};
			name = Debug;
		};
		474342A829D32F21006DC571 /* Release */ = {
			isa = XCBuildConfiguration;
			buildSettings = {
				ASSETCATALOG_COMPILER_APPICON_NAME = AppIcon;
				ASSETCATALOG_COMPILER_GLOBAL_ACCENT_COLOR_NAME = AccentColor;
				CODE_SIGN_ENTITLEMENTS = TesteFoundations/TesteFoundations.entitlements;
				CODE_SIGN_STYLE = Automatic;
				CURRENT_PROJECT_VERSION = 1;
				DEVELOPMENT_ASSET_PATHS = "\"TesteFoundations/Preview Content\"";
				ENABLE_PREVIEWS = YES;
				GENERATE_INFOPLIST_FILE = YES;
				"INFOPLIST_KEY_UIApplicationSceneManifest_Generation[sdk=iphoneos*]" = YES;
				"INFOPLIST_KEY_UIApplicationSceneManifest_Generation[sdk=iphonesimulator*]" = YES;
				"INFOPLIST_KEY_UIApplicationSupportsIndirectInputEvents[sdk=iphoneos*]" = YES;
				"INFOPLIST_KEY_UIApplicationSupportsIndirectInputEvents[sdk=iphonesimulator*]" = YES;
				"INFOPLIST_KEY_UILaunchScreen_Generation[sdk=iphoneos*]" = YES;
				"INFOPLIST_KEY_UILaunchScreen_Generation[sdk=iphonesimulator*]" = YES;
				"INFOPLIST_KEY_UIStatusBarStyle[sdk=iphoneos*]" = UIStatusBarStyleDefault;
				"INFOPLIST_KEY_UIStatusBarStyle[sdk=iphonesimulator*]" = UIStatusBarStyleDefault;
				INFOPLIST_KEY_UISupportedInterfaceOrientations_iPad = "UIInterfaceOrientationPortrait UIInterfaceOrientationPortraitUpsideDown UIInterfaceOrientationLandscapeLeft UIInterfaceOrientationLandscapeRight";
				INFOPLIST_KEY_UISupportedInterfaceOrientations_iPhone = "UIInterfaceOrientationPortrait UIInterfaceOrientationLandscapeLeft UIInterfaceOrientationLandscapeRight";
				IPHONEOS_DEPLOYMENT_TARGET = 16.2;
				LD_RUNPATH_SEARCH_PATHS = "@executable_path/Frameworks";
				"LD_RUNPATH_SEARCH_PATHS[sdk=macosx*]" = "@executable_path/../Frameworks";
				MACOSX_DEPLOYMENT_TARGET = 13.1;
				MARKETING_VERSION = 1.0;
				PRODUCT_BUNDLE_IDENTIFIER = Foundations.TesteFoundations;
				PRODUCT_NAME = "$(TARGET_NAME)";
				SDKROOT = auto;
				SUPPORTED_PLATFORMS = "iphoneos iphonesimulator macosx";
				SWIFT_EMIT_LOC_STRINGS = YES;
				SWIFT_VERSION = 5.0;
				TARGETED_DEVICE_FAMILY = "1,2";
			};
			name = Release;
		};
		474342AA29D32F21006DC571 /* Debug */ = {
			isa = XCBuildConfiguration;
			buildSettings = {
				ALWAYS_EMBED_SWIFT_STANDARD_LIBRARIES = YES;
				BUNDLE_LOADER = "$(TEST_HOST)";
				CODE_SIGN_STYLE = Automatic;
				CURRENT_PROJECT_VERSION = 1;
				GENERATE_INFOPLIST_FILE = YES;
				IPHONEOS_DEPLOYMENT_TARGET = 16.2;
				MACOSX_DEPLOYMENT_TARGET = 13.1;
				MARKETING_VERSION = 1.0;
				PRODUCT_BUNDLE_IDENTIFIER = Foundations.TesteFoundationsTests;
				PRODUCT_NAME = "$(TARGET_NAME)";
				SDKROOT = auto;
				SUPPORTED_PLATFORMS = "iphoneos iphonesimulator macosx";
				SWIFT_EMIT_LOC_STRINGS = NO;
				SWIFT_VERSION = 5.0;
				TARGETED_DEVICE_FAMILY = "1,2";
				TEST_HOST = "$(BUILT_PRODUCTS_DIR)/TesteFoundations.app/$(BUNDLE_EXECUTABLE_FOLDER_PATH)/TesteFoundations";
			};
			name = Debug;
		};
		474342AB29D32F21006DC571 /* Release */ = {
			isa = XCBuildConfiguration;
			buildSettings = {
				ALWAYS_EMBED_SWIFT_STANDARD_LIBRARIES = YES;
				BUNDLE_LOADER = "$(TEST_HOST)";
				CODE_SIGN_STYLE = Automatic;
				CURRENT_PROJECT_VERSION = 1;
				GENERATE_INFOPLIST_FILE = YES;
				IPHONEOS_DEPLOYMENT_TARGET = 16.2;
				MACOSX_DEPLOYMENT_TARGET = 13.1;
				MARKETING_VERSION = 1.0;
				PRODUCT_BUNDLE_IDENTIFIER = Foundations.TesteFoundationsTests;
				PRODUCT_NAME = "$(TARGET_NAME)";
				SDKROOT = auto;
				SUPPORTED_PLATFORMS = "iphoneos iphonesimulator macosx";
				SWIFT_EMIT_LOC_STRINGS = NO;
				SWIFT_VERSION = 5.0;
				TARGETED_DEVICE_FAMILY = "1,2";
				TEST_HOST = "$(BUILT_PRODUCTS_DIR)/TesteFoundations.app/$(BUNDLE_EXECUTABLE_FOLDER_PATH)/TesteFoundations";
			};
			name = Release;
		};
		474342AD29D32F21006DC571 /* Debug */ = {
			isa = XCBuildConfiguration;
			buildSettings = {
				ALWAYS_EMBED_SWIFT_STANDARD_LIBRARIES = YES;
				CODE_SIGN_STYLE = Automatic;
				CURRENT_PROJECT_VERSION = 1;
				GENERATE_INFOPLIST_FILE = YES;
				IPHONEOS_DEPLOYMENT_TARGET = 16.2;
				MACOSX_DEPLOYMENT_TARGET = 13.1;
				MARKETING_VERSION = 1.0;
				PRODUCT_BUNDLE_IDENTIFIER = Foundations.TesteFoundationsUITests;
				PRODUCT_NAME = "$(TARGET_NAME)";
				SDKROOT = auto;
				SUPPORTED_PLATFORMS = "iphoneos iphonesimulator macosx";
				SWIFT_EMIT_LOC_STRINGS = NO;
				SWIFT_VERSION = 5.0;
				TARGETED_DEVICE_FAMILY = "1,2";
				TEST_TARGET_NAME = TesteFoundations;
			};
			name = Debug;
		};
		474342AE29D32F21006DC571 /* Release */ = {
			isa = XCBuildConfiguration;
			buildSettings = {
				ALWAYS_EMBED_SWIFT_STANDARD_LIBRARIES = YES;
				CODE_SIGN_STYLE = Automatic;
				CURRENT_PROJECT_VERSION = 1;
				GENERATE_INFOPLIST_FILE = YES;
				IPHONEOS_DEPLOYMENT_TARGET = 16.2;
				MACOSX_DEPLOYMENT_TARGET = 13.1;
				MARKETING_VERSION = 1.0;
				PRODUCT_BUNDLE_IDENTIFIER = Foundations.TesteFoundationsUITests;
				PRODUCT_NAME = "$(TARGET_NAME)";
				SDKROOT = auto;
				SUPPORTED_PLATFORMS = "iphoneos iphonesimulator macosx";
				SWIFT_EMIT_LOC_STRINGS = NO;
				SWIFT_VERSION = 5.0;
				TARGETED_DEVICE_FAMILY = "1,2";
				TEST_TARGET_NAME = TesteFoundations;
			};
			name = Release;
		};
/* End XCBuildConfiguration section */

/* Begin XCConfigurationList section */
		4743427C29D32F1E006DC571 /* Build configuration list for PBXProject "TesteFoundations" */ = {
			isa = XCConfigurationList;
			buildConfigurations = (
				474342A429D32F21006DC571 /* Debug */,
				474342A529D32F21006DC571 /* Release */,
			);
			defaultConfigurationIsVisible = 0;
			defaultConfigurationName = Release;
		};
		474342A629D32F21006DC571 /* Build configuration list for PBXNativeTarget "TesteFoundations" */ = {
			isa = XCConfigurationList;
			buildConfigurations = (
				474342A729D32F21006DC571 /* Debug */,
				474342A829D32F21006DC571 /* Release */,
			);
			defaultConfigurationIsVisible = 0;
			defaultConfigurationName = Release;
		};
		474342A929D32F21006DC571 /* Build configuration list for PBXNativeTarget "TesteFoundationsTests" */ = {
			isa = XCConfigurationList;
			buildConfigurations = (
				474342AA29D32F21006DC571 /* Debug */,
				474342AB29D32F21006DC571 /* Release */,
			);
			defaultConfigurationIsVisible = 0;
			defaultConfigurationName = Release;
		};
		474342AC29D32F21006DC571 /* Build configuration list for PBXNativeTarget "TesteFoundationsUITests" */ = {
			isa = XCConfigurationList;
			buildConfigurations = (
				474342AD29D32F21006DC571 /* Debug */,
				474342AE29D32F21006DC571 /* Release */,
			);
			defaultConfigurationIsVisible = 0;
			defaultConfigurationName = Release;
		};
/* End XCConfigurationList section */
	};
	rootObject = 4743427929D32F1E006DC571 /* Project object */;
}
